# THIS IS AN AUTOGENERATED FILE. DO NOT EDIT THIS FILE DIRECTLY.
# yarn lockfile v1


"@transcend-io/airgap.js-types@^6.5.0":
  version "6.5.0"
  resolved "https://registry.yarnpkg.com/@transcend-io/airgap.js-types/-/airgap.js-types-6.5.0.tgz#987f2e9f3dfa268d32dc80f8337c73852f4a8c00"
  integrity sha512-8unAyCH01hTAo7vXHBm56lVH4T4G5SZUo8OZbiGt/R3uymOgUWC73jWsgenY02JaveRwbJLdRNNMzzSIxpLuqg==
  dependencies:
    fp-ts "^2.11.4"
    io-ts "^2.2.16"
    io-ts-types "^0.5.14"
    tslib "^2.3.0"

"@types/node@^14.14.31":
  version "14.17.29"
  resolved "https://registry.yarnpkg.com/@types/node/-/node-14.17.29.tgz#44a774fa2858efa4d039dd9051b51160e8295c70"
  integrity sha512-sd4CHI9eTJXTH2vF3RGtGkqvWRwhsSSUFsXD4oG38GZzSZ0tNPbWikd2AbOAcKxCXhOg57fL8FPxjpfSzb2pIQ==

fp-ts@^2.11.4:
  version "2.11.5"
  resolved "https://registry.yarnpkg.com/fp-ts/-/fp-ts-2.11.5.tgz#97cceb26655b1452d7088d6fb0864f84cceffbe4"
  integrity sha512-OqlwJq1BdpB83BZXTqI+dNcA6uYk6qk4u9Cgnt64Y+XS7dwdbp/mobx8S2KXf2AXH+scNmA/UVK3SEFHR3vHZA==

io-ts-types@^0.5.14:
  version "0.5.16"
  resolved "https://registry.yarnpkg.com/io-ts-types/-/io-ts-types-0.5.16.tgz#e9eed75371e217c97050cc507915e8eedc250946"
  integrity sha512-h9noYVfY9rlbmKI902SJdnV/06jgiT2chxG6lYDxaYNp88HscPi+SBCtmcU+m0E7WT5QSwt7sIMj93+qu0FEwQ==

io-ts@^2.2.16:
  version "2.2.16"
  resolved "https://registry.yarnpkg.com/io-ts/-/io-ts-2.2.16.tgz#597dffa03db1913fc318c9c6df6931cb4ed808b2"
  integrity sha512-y5TTSa6VP6le0hhmIyN0dqEXkrZeJLeC5KApJq6VLci3UEKF80lZ+KuoUs02RhBxNWlrqSNxzfI7otLX1Euv8Q==

tslib@^2.3.0:
  version "2.3.1"
  resolved "https://registry.yarnpkg.com/tslib/-/tslib-2.3.1.tgz#e8a335add5ceae51aa261d32a490158ef042ef01"
  integrity sha512-77EbyPPpMz+FRFRuAFlWMtmgUWGe9UOG2Z25NqCwiIjRhOf5iKGuzSe5P2w1laq+FkRy4p+PCuVkJSGkzTEKVw==

typescript@^4.3.5:
  version "4.4.4"
  resolved "https://registry.yarnpkg.com/typescript/-/typescript-4.4.4.tgz#2cd01a1a1f160704d3101fd5a58ff0f9fcb8030c"
  integrity sha512-DqGhF5IKoBl8WNf8C1gu8q0xZSInh9j1kJJMqT3a94w1JzVaBU4EXOSMrz9yDqMT0xt3selp83fuFMQ0uzv6qA==
